<?xml version="1.0" encoding="utf-8"?>
<Project ToolsVersion="4.0" xmlns="http://schemas.microsoft.com/developer/msbuild/2003">
  <ItemGroup>
    <Filter Include="Muon">
      <UniqueIdentifier>{2449897C-1080-8A0D-B96C-7010A582060F}</UniqueIdentifier>
    </Filter>
    <Filter Include="Muon\Events">
      <UniqueIdentifier>{88C4D4B2-F479-4DA8-7D6E-477FE92244AC}</UniqueIdentifier>
    </Filter>
    <Filter Include="Platform">
      <UniqueIdentifier>{2AC788B4-1694-E3BF-3FAD-D1672BD9184E}</UniqueIdentifier>
    </Filter>
    <Filter Include="Platform\Windows">
      <UniqueIdentifier>{64FBD71A-50F4-F66C-7926-DCF1657ED678}</UniqueIdentifier>
    </Filter>
  </ItemGroup>
  <ItemGroup>
    <ClInclude Include="src\Muon.h" />
    <ClInclude Include="src\Muon\Application.h">
      <Filter>Muon</Filter>
    </ClInclude>
    <ClInclude Include="src\Muon\Core.h">
      <Filter>Muon</Filter>
    </ClInclude>
    <ClInclude Include="src\Muon\EntryPoint.h">
      <Filter>Muon</Filter>
    </ClInclude>
    <ClInclude Include="src\Muon\Events\ApplicationEvent.h">
      <Filter>Muon\Events</Filter>
    </ClInclude>
    <ClInclude Include="src\Muon\Events\Event.h">
      <Filter>Muon\Events</Filter>
    </ClInclude>
    <ClInclude Include="src\Muon\Events\KeyEvent.h">
      <Filter>Muon\Events</Filter>
    </ClInclude>
    <ClInclude Include="src\Muon\Events\MouseEvent.h">
      <Filter>Muon\Events</Filter>
    </ClInclude>
    <ClInclude Include="src\Muon\Log.h">
      <Filter>Muon</Filter>
    </ClInclude>
    <ClInclude Include="src\Muon\Window.h">
      <Filter>Muon</Filter>
    </ClInclude>
    <ClInclude Include="src\Platform\Windows\WindowsWindow.h">
      <Filter>Platform\Windows</Filter>
    </ClInclude>
    <ClInclude Include="src\mupch.h" />
  </ItemGroup>
  <ItemGroup>
    <ClCompile Include="src\Muon\Application.cpp">
      <Filter>Muon</Filter>
    </ClCompile>
    <ClCompile Include="src\Muon\Log.cpp">
      <Filter>Muon</Filter>
    </ClCompile>
    <ClCompile Include="src\Platform\Windows\WindowsWindow.cpp">
      <Filter>Platform\Windows</Filter>
    </ClCompile>
    <ClCompile Include="src\mupch.cpp" />
  </ItemGroup>
</Project>