<?xml version="1.0" encoding="utf-8"?>
<Project ToolsVersion="4.0" xmlns="http://schemas.microsoft.com/developer/msbuild/2003">
  <ItemGroup>
    <Filter Include="Muon">
      <UniqueIdentifier>{2449897C-1080-8A0D-B96C-7010A582060F}</UniqueIdentifier>
    </Filter>
    <Filter Include="Muon\Core">
      <UniqueIdentifier>{FCC3315A-682E-E6D0-B16C-97761D16C425}</UniqueIdentifier>
    </Filter>
    <Filter Include="Muon\Events">
      <UniqueIdentifier>{88C4D4B2-F479-4DA8-7D6E-477FE92244AC}</UniqueIdentifier>
    </Filter>
    <Filter Include="Muon\GUI">
      <UniqueIdentifier>{383AACC4-2407-07D0-4D20-F577394C3C5E}</UniqueIdentifier>
    </Filter>
    <Filter Include="Muon\Platform">
      <UniqueIdentifier>{F80D36D7-64CE-B10D-2D09-FB8A9988F6E9}</UniqueIdentifier>
    </Filter>
    <Filter Include="Muon\Platform\Windows">
      <UniqueIdentifier>{32308E5D-9E9C-4958-6790-E1B5D3BB6BC0}</UniqueIdentifier>
    </Filter>
  </ItemGroup>
  <ItemGroup>
    <ClInclude Include="src\Muon.h" />
    <ClInclude Include="src\Muon\Application.h">
      <Filter>Muon</Filter>
    </ClInclude>
    <ClInclude Include="src\Muon\Core\Core.h">
      <Filter>Muon\Core</Filter>
    </ClInclude>
    <ClInclude Include="src\Muon\Core\Log.h">
      <Filter>Muon\Core</Filter>
    </ClInclude>
    <ClInclude Include="src\Muon\EntryPoint.h">
      <Filter>Muon</Filter>
    </ClInclude>
    <ClInclude Include="src\Muon\Events\ApplicationEvent.h">
      <Filter>Muon\Events</Filter>
    </ClInclude>
    <ClInclude Include="src\Muon\Events\Event.h">
      <Filter>Muon\Events</Filter>
    </ClInclude>
    <ClInclude Include="src\Muon\Events\KeyEvent.h">
      <Filter>Muon\Events</Filter>
    </ClInclude>
    <ClInclude Include="src\Muon\Events\MouseEvent.h">
      <Filter>Muon\Events</Filter>
    </ClInclude>
    <ClInclude Include="src\Muon\GUI\ImGuiLayer.h">
      <Filter>Muon\GUI</Filter>
    </ClInclude>
    <ClInclude Include="src\Muon\Input.h">
      <Filter>Muon</Filter>
    </ClInclude>
    <ClInclude Include="src\Muon\KeyCodes.h">
      <Filter>Muon</Filter>
    </ClInclude>
    <ClInclude Include="src\Muon\Layer.h">
      <Filter>Muon</Filter>
    </ClInclude>
    <ClInclude Include="src\Muon\LayerStack.h">
      <Filter>Muon</Filter>
    </ClInclude>
    <ClInclude Include="src\Muon\MouseCodes.h">
      <Filter>Muon</Filter>
    </ClInclude>
    <ClInclude Include="src\Muon\Platform\Windows\WindowsInput.h">
      <Filter>Muon\Platform\Windows</Filter>
    </ClInclude>
    <ClInclude Include="src\Muon\Platform\Windows\WindowsWindow.h">
      <Filter>Muon\Platform\Windows</Filter>
    </ClInclude>
    <ClInclude Include="src\Muon\Window.h">
      <Filter>Muon</Filter>
    </ClInclude>
    <ClInclude Include="src\mupch.h" />
  </ItemGroup>
  <ItemGroup>
    <ClCompile Include="src\Muon\Application.cpp">
      <Filter>Muon</Filter>
    </ClCompile>
    <ClCompile Include="src\Muon\Core\Log.cpp">
      <Filter>Muon\Core</Filter>
    </ClCompile>
    <ClCompile Include="src\Muon\GUI\ImGuiBuild.cpp">
      <Filter>Muon\GUI</Filter>
    </ClCompile>
    <ClCompile Include="src\Muon\GUI\ImGuiLayer.cpp">
      <Filter>Muon\GUI</Filter>
    </ClCompile>
    <ClCompile Include="src\Muon\Layer.cpp">
      <Filter>Muon</Filter>
    </ClCompile>
    <ClCompile Include="src\Muon\LayerStack.cpp">
      <Filter>Muon</Filter>
    </ClCompile>
    <ClCompile Include="src\Muon\Platform\Windows\WindowsInput.cpp">
      <Filter>Muon\Platform\Windows</Filter>
    </ClCompile>
    <ClCompile Include="src\Muon\Platform\Windows\WindowsWindow.cpp">
      <Filter>Muon\Platform\Windows</Filter>
    </ClCompile>
    <ClCompile Include="src\mupch.cpp" />
  </ItemGroup>
</Project>