<?xml version="1.0" encoding="utf-8"?>
<Project ToolsVersion="4.0" xmlns="http://schemas.microsoft.com/developer/msbuild/2003">
  <ItemGroup>
    <Filter Include="GLFW">
      <UniqueIdentifier>{154B857C-0182-860D-AA6E-6C109684020F}</UniqueIdentifier>
    </Filter>
    <Filter Include="GLFW\src">
      <UniqueIdentifier>{AC8BCA85-9858-2591-C171-1339AD9D5A1F}</UniqueIdentifier>
    </Filter>
    <Filter Include="Glad">
      <UniqueIdentifier>{BDD6857C-A90D-870D-52FA-6C103E10030F}</UniqueIdentifier>
    </Filter>
    <Filter Include="Glad\src">
      <UniqueIdentifier>{54ABF864-4078-5370-6991-411855BD88FE}</UniqueIdentifier>
    </Filter>
    <Filter Include="ImGui">
      <UniqueIdentifier>{C0FF640D-2C14-8DBE-F595-301E616989EF}</UniqueIdentifier>
    </Filter>
  </ItemGroup>
  <ItemGroup>
    <ClInclude Include="GLFW\src\cocoa_joystick.h">
      <Filter>GLFW\src</Filter>
    </ClInclude>
    <ClInclude Include="GLFW\src\cocoa_platform.h">
      <Filter>GLFW\src</Filter>
    </ClInclude>
    <ClInclude Include="GLFW\src\cocoa_time.h">
      <Filter>GLFW\src</Filter>
    </ClInclude>
    <ClInclude Include="GLFW\src\internal.h">
      <Filter>GLFW\src</Filter>
    </ClInclude>
    <ClInclude Include="GLFW\src\linux_joystick.h">
      <Filter>GLFW\src</Filter>
    </ClInclude>
    <ClInclude Include="GLFW\src\mappings.h">
      <Filter>GLFW\src</Filter>
    </ClInclude>
    <ClInclude Include="GLFW\src\null_joystick.h">
      <Filter>GLFW\src</Filter>
    </ClInclude>
    <ClInclude Include="GLFW\src\null_platform.h">
      <Filter>GLFW\src</Filter>
    </ClInclude>
    <ClInclude Include="GLFW\src\platform.h">
      <Filter>GLFW\src</Filter>
    </ClInclude>
    <ClInclude Include="GLFW\src\posix_poll.h">
      <Filter>GLFW\src</Filter>
    </ClInclude>
    <ClInclude Include="GLFW\src\posix_thread.h">
      <Filter>GLFW\src</Filter>
    </ClInclude>
    <ClInclude Include="GLFW\src\posix_time.h">
      <Filter>GLFW\src</Filter>
    </ClInclude>
    <ClInclude Include="GLFW\src\win32_joystick.h">
      <Filter>GLFW\src</Filter>
    </ClInclude>
    <ClInclude Include="GLFW\src\win32_platform.h">
      <Filter>GLFW\src</Filter>
    </ClInclude>
    <ClInclude Include="GLFW\src\win32_thread.h">
      <Filter>GLFW\src</Filter>
    </ClInclude>
    <ClInclude Include="GLFW\src\win32_time.h">
      <Filter>GLFW\src</Filter>
    </ClInclude>
    <ClInclude Include="GLFW\src\wl_platform.h">
      <Filter>GLFW\src</Filter>
    </ClInclude>
    <ClInclude Include="GLFW\src\x11_platform.h">
      <Filter>GLFW\src</Filter>
    </ClInclude>
    <ClInclude Include="GLFW\src\xkb_unicode.h">
      <Filter>GLFW\src</Filter>
    </ClInclude>
    <ClInclude Include="ImGui\imconfig.h">
      <Filter>ImGui</Filter>
    </ClInclude>
    <ClInclude Include="ImGui\imgui.h">
      <Filter>ImGui</Filter>
    </ClInclude>
    <ClInclude Include="ImGui\imgui_internal.h">
      <Filter>ImGui</Filter>
    </ClInclude>
    <ClInclude Include="ImGui\imstb_rectpack.h">
      <Filter>ImGui</Filter>
    </ClInclude>
    <ClInclude Include="ImGui\imstb_textedit.h">
      <Filter>ImGui</Filter>
    </ClInclude>
    <ClInclude Include="ImGui\imstb_truetype.h">
      <Filter>ImGui</Filter>
    </ClInclude>
  </ItemGroup>
  <ItemGroup>
    <ClCompile Include="GLFW\src\cocoa_time.c">
      <Filter>GLFW\src</Filter>
    </ClCompile>
    <ClCompile Include="GLFW\src\context.c">
      <Filter>GLFW\src</Filter>
    </ClCompile>
    <ClCompile Include="GLFW\src\egl_context.c">
      <Filter>GLFW\src</Filter>
    </ClCompile>
    <ClCompile Include="GLFW\src\glx_context.c">
      <Filter>GLFW\src</Filter>
    </ClCompile>
    <ClCompile Include="GLFW\src\init.c">
      <Filter>GLFW\src</Filter>
    </ClCompile>
    <ClCompile Include="GLFW\src\input.c">
      <Filter>GLFW\src</Filter>
    </ClCompile>
    <ClCompile Include="GLFW\src\linux_joystick.c">
      <Filter>GLFW\src</Filter>
    </ClCompile>
    <ClCompile Include="GLFW\src\monitor.c">
      <Filter>GLFW\src</Filter>
    </ClCompile>
    <ClCompile Include="GLFW\src\null_init.c">
      <Filter>GLFW\src</Filter>
    </ClCompile>
    <ClCompile Include="GLFW\src\null_joystick.c">
      <Filter>GLFW\src</Filter>
    </ClCompile>
    <ClCompile Include="GLFW\src\null_monitor.c">
      <Filter>GLFW\src</Filter>
    </ClCompile>
    <ClCompile Include="GLFW\src\null_window.c">
      <Filter>GLFW\src</Filter>
    </ClCompile>
    <ClCompile Include="GLFW\src\osmesa_context.c">
      <Filter>GLFW\src</Filter>
    </ClCompile>
    <ClCompile Include="GLFW\src\platform.c">
      <Filter>GLFW\src</Filter>
    </ClCompile>
    <ClCompile Include="GLFW\src\posix_module.c">
      <Filter>GLFW\src</Filter>
    </ClCompile>
    <ClCompile Include="GLFW\src\posix_poll.c">
      <Filter>GLFW\src</Filter>
    </ClCompile>
    <ClCompile Include="GLFW\src\posix_thread.c">
      <Filter>GLFW\src</Filter>
    </ClCompile>
    <ClCompile Include="GLFW\src\posix_time.c">
      <Filter>GLFW\src</Filter>
    </ClCompile>
    <ClCompile Include="GLFW\src\vulkan.c">
      <Filter>GLFW\src</Filter>
    </ClCompile>
    <ClCompile Include="GLFW\src\wgl_context.c">
      <Filter>GLFW\src</Filter>
    </ClCompile>
    <ClCompile Include="GLFW\src\win32_init.c">
      <Filter>GLFW\src</Filter>
    </ClCompile>
    <ClCompile Include="GLFW\src\win32_joystick.c">
      <Filter>GLFW\src</Filter>
    </ClCompile>
    <ClCompile Include="GLFW\src\win32_module.c">
      <Filter>GLFW\src</Filter>
    </ClCompile>
    <ClCompile Include="GLFW\src\win32_monitor.c">
      <Filter>GLFW\src</Filter>
    </ClCompile>
    <ClCompile Include="GLFW\src\win32_thread.c">
      <Filter>GLFW\src</Filter>
    </ClCompile>
    <ClCompile Include="GLFW\src\win32_time.c">
      <Filter>GLFW\src</Filter>
    </ClCompile>
    <ClCompile Include="GLFW\src\win32_window.c">
      <Filter>GLFW\src</Filter>
    </ClCompile>
    <ClCompile Include="GLFW\src\window.c">
      <Filter>GLFW\src</Filter>
    </ClCompile>
    <ClCompile Include="GLFW\src\wl_init.c">
      <Filter>GLFW\src</Filter>
    </ClCompile>
    <ClCompile Include="GLFW\src\wl_monitor.c">
      <Filter>GLFW\src</Filter>
    </ClCompile>
    <ClCompile Include="GLFW\src\wl_window.c">
      <Filter>GLFW\src</Filter>
    </ClCompile>
    <ClCompile Include="GLFW\src\x11_init.c">
      <Filter>GLFW\src</Filter>
    </ClCompile>
    <ClCompile Include="GLFW\src\x11_monitor.c">
      <Filter>GLFW\src</Filter>
    </ClCompile>
    <ClCompile Include="GLFW\src\x11_window.c">
      <Filter>GLFW\src</Filter>
    </ClCompile>
    <ClCompile Include="GLFW\src\xkb_unicode.c">
      <Filter>GLFW\src</Filter>
    </ClCompile>
    <ClCompile Include="Glad\src\glad.c">
      <Filter>Glad\src</Filter>
    </ClCompile>
    <ClCompile Include="ImGui\imgui.cpp">
      <Filter>ImGui</Filter>
    </ClCompile>
    <ClCompile Include="ImGui\imgui_demo.cpp">
      <Filter>ImGui</Filter>
    </ClCompile>
    <ClCompile Include="ImGui\imgui_draw.cpp">
      <Filter>ImGui</Filter>
    </ClCompile>
    <ClCompile Include="ImGui\imgui_tables.cpp">
      <Filter>ImGui</Filter>
    </ClCompile>
    <ClCompile Include="ImGui\imgui_widgets.cpp">
      <Filter>ImGui</Filter>
    </ClCompile>
  </ItemGroup>
</Project>